version = 1
revision = 3
requires-python = ">=3.9"
resolution-markers = [
    "python_full_version >= '3.10'",
    "python_full_version < '3.10'",
]

[[package]]
name = "fonttools"
version = "4.60.2"
source = { registry = "https://pypi.org/simple" }
resolution-markers = [
    "python_full_version < '3.10'",
]
sdist = { url = "https://files.pythonhosted.org/packages/3e/c4/db6a7b5eb0656534c3aa2596c2c5e18830d74f1b9aa5aa8a7dff63a0b11d/fonttools-4.60.2.tar.gz", hash = "sha256:d29552e6b155ebfc685b0aecf8d429cb76c14ab734c22ef5d3dea6fdf800c92c", size = 3562254, upload-time = "2025-12-09T13:38:11.835Z" }
wheels = [
    { url = "https://files.pythonhosted.org/packages/ab/de/9e10a99fb3070accb8884886a41a4ce54e49bf2fa4fc63f48a6cf2061713/fonttools-4.60.2-cp310-cp310-macosx_10_9_universal2.whl", hash = "sha256:4e36fadcf7e8ca6e34d490eef86ed638d6fd9c55d2f514b05687622cfc4a7050", size = 2850403, upload-time = "2025-12-09T13:35:53.14Z" },
    { url = "https://files.pythonhosted.org/packages/e4/40/d5b369d1073b134f600a94a287e13b5bdea2191ba6347d813fa3da00e94a/fonttools-4.60.2-cp310-cp310-macosx_10_9_x86_64.whl", hash = "sha256:6e500fc9c04bee749ceabfc20cb4903f6981c2139050d85720ea7ada61b75d5c", size = 2398629, upload-time = "2025-12-09T13:35:56.471Z" },
    { url = "https://files.pythonhosted.org/packages/7c/b5/123819369aaf99d1e4dc49f1de1925d4edc7379114d15a56a7dd2e9d56e6/fonttools-4.60.2-cp310-cp310-manylinux2014_aarch64.manylinux_2_17_aarch64.manylinux_2_28_aarch64.whl", hash = "sha256:22efea5e784e1d1cd8d7b856c198e360a979383ebc6dea4604743b56da1cbc34", size = 4893471, upload-time = "2025-12-09T13:35:58.927Z" },
    { url = "https://files.pythonhosted.org/packages/24/29/f8f8acccb9716b899be4be45e9ce770d6aa76327573863e68448183091b0/fonttools-4.60.2-cp310-cp310-manylinux2014_x86_64.manylinux_2_17_x86_64.whl", hash = "sha256:677aa92d84d335e4d301d8ba04afca6f575316bc647b6782cb0921943fcb6343", size = 4854686, upload-time = "2025-12-09T13:36:01.767Z" },
    { url = "https://files.pythonhosted.org/packages/5a/0d/f3f51d7519f44f2dd5c9a60d7cd41185ebcee4348f073e515a3a93af15ff/fonttools-4.60.2-cp310-cp310-musllinux_1_2_aarch64.whl", hash = "sha256:edd49d3defbf35476e78b61ff737ff5efea811acff68d44233a95a5a48252334", size = 4871233, upload-time = "2025-12-09T13:36:06.094Z" },
    { url = "https://files.pythonhosted.org/packages/cc/3f/4d4fd47d3bc40ab4d76718555185f8adffb5602ea572eac4bbf200c47d22/fonttools-4.60.2-cp310-cp310-musllinux_1_2_x86_64.whl", hash = "sha256:126839492b69cecc5baf2bddcde60caab2ffafd867bbae2a88463fce6078ca3a", size = 4988936, upload-time = "2025-12-09T13:36:08.42Z" },
    { url = "https://files.pythonhosted.org/packages/01/6f/83bbdefa43f2c3ae206fd8c4b9a481f3c913eef871b1ce9a453069239e39/fonttools-4.60.2-cp310-cp310-win32.whl", hash = "sha256:ffcab6f5537136046ca902ed2491ab081ba271b07591b916289b7c27ff845f96", size = 2278044, upload-time = "2025-12-09T13:36:10.641Z" },
    { url = "https://files.pythonhosted.org/packages/d4/04/7d9a137e919d6c9ef26704b7f7b2580d9cfc5139597588227aacebc0e3b7/fonttools-4.60.2-cp310-cp310-win_amd64.whl", hash = "sha256:9c68b287c7ffcd29dd83b5f961004b2a54a862a88825d52ea219c6220309ba45", size = 2326522, upload-time = "2025-12-09T13:36:12.981Z" },
    { url = "https://files.pythonhosted.org/packages/e0/80/b7693d37c02417e162cc83cdd0b19a4f58be82c638b5d4ce4de2dae050c4/fonttools-4.60.2-cp311-cp311-macosx_10_9_universal2.whl", hash = "sha256:a2aed0a7931401b3875265717a24c726f87ecfedbb7b3426c2ca4d2812e281ae", size = 2847809, upload-time = "2025-12-09T13:36:14.884Z" },
    { url = "https://files.pythonhosted.org/packages/f9/9a/9c2c13bf8a6496ac21607d704e74e9cc68ebf23892cf924c9a8b5c7566b9/fonttools-4.60.2-cp311-cp311-macosx_10_9_x86_64.whl", hash = "sha256:dea6868e9d2b816c9076cfea77754686f3c19149873bdbc5acde437631c15df1", size = 2397302, upload-time = "2025-12-09T13:36:17.151Z" },
    { url = "https://files.pythonhosted.org/packages/56/f6/ce38ff6b2d2d58f6fd981d32f3942365bfa30eadf2b47d93b2d48bf6097f/fonttools-4.60.2-cp311-cp311-manylinux2014_aarch64.manylinux_2_17_aarch64.manylinux_2_28_aarch64.whl", hash = "sha256:2fa27f34950aa1fe0f0b1abe25eed04770a3b3b34ad94e5ace82cc341589678a", size = 5054418, upload-time = "2025-12-09T13:36:19.062Z" },
    { url = "https://files.pythonhosted.org/packages/88/06/5353bea128ff39e857c31de3dd605725b4add956badae0b31bc9a50d4c8e/fonttools-4.60.2-cp311-cp311-manylinux2014_x86_64.manylinux_2_17_x86_64.whl", hash = "sha256:13a53d479d187b09bfaa4a35ffcbc334fc494ff355f0a587386099cb66674f1e", size = 5031652, upload-time = "2025-12-09T13:36:21.206Z" },
    { url = "https://files.pythonhosted.org/packages/71/05/ebca836437f6ebd57edd6428e7eff584e683ff0556ddb17d62e3b731f46c/fonttools-4.60.2-cp311-cp311-musllinux_1_2_aarch64.whl", hash = "sha256:fac5e921d3bd0ca3bb8517dced2784f0742bc8ca28579a68b139f04ea323a779", size = 5030321, upload-time = "2025-12-09T13:36:23.515Z" },
    { url = "https://files.pythonhosted.org/packages/57/f9/eb9d2a2ce30c99f840c1cc3940729a970923cf39d770caf88909d98d516b/fonttools-4.60.2-cp311-cp311-musllinux_1_2_x86_64.whl", hash = "sha256:648f4f9186fd7f1f3cd57dbf00d67a583720d5011feca67a5e88b3a491952cfb", size = 5154255, upload-time = "2025-12-09T13:36:25.879Z" },
    { url = "https://files.pythonhosted.org/packages/08/a2/088b6ceba8272a9abb629d3c08f9c1e35e5ce42db0ccfe0c1f9f03e60d1d/fonttools-4.60.2-cp311-cp311-win32.whl", hash = "sha256:3274e15fad871bead5453d5ce02658f6d0c7bc7e7021e2a5b8b04e2f9e40da1a", size = 2276300, upload-time = "2025-12-09T13:36:27.772Z" },
    { url = "https://files.pythonhosted.org/packages/de/2f/8e4c3d908cc5dade7bb1316ce48589f6a24460c1056fd4b8db51f1fa309a/fonttools-4.60.2-cp311-cp311-win_amd64.whl", hash = "sha256:91d058d5a483a1525b367803abb69de0923fbd45e1f82ebd000f5c8aa65bc78e", size = 2327574, upload-time = "2025-12-09T13:36:30.89Z" },
    { url = "https://files.pythonhosted.org/packages/c0/30/530c9eddcd1c39219dc0aaede2b5a4c8ab80e0bb88d1b3ffc12944c4aac3/fonttools-4.60.2-cp312-cp312-macosx_10_13_universal2.whl", hash = "sha256:e0164b7609d2b5c5dd4e044b8085b7bd7ca7363ef8c269a4ab5b5d4885a426b2", size = 2847196, upload-time = "2025-12-09T13:36:33.262Z" },
    { url = "https://files.pythonhosted.org/packages/19/2f/4077a482836d5bbe3bc9dac1c004d02ee227cf04ed62b0a2dfc41d4f0dfd/fonttools-4.60.2-cp312-cp312-macosx_10_13_x86_64.whl", hash = "sha256:1dd3d9574fc595c1e97faccae0f264dc88784ddf7fbf54c939528378bacc0033", size = 2395842, upload-time = "2025-12-09T13:36:35.47Z" },
    { url = "https://files.pythonhosted.org/packages/dd/05/aae5bb99c5398f8ed4a8b784f023fd9dd3568f0bd5d5b21e35b282550f11/fonttools-4.60.2-cp312-cp312-manylinux1_x86_64.manylinux2014_x86_64.manylinux_2_17_x86_64.manylinux_2_5_x86_64.whl", hash = "sha256:98d0719f1b11c2817307d2da2e94296a3b2a3503f8d6252a101dca3ee663b917", size = 4949713, upload-time = "2025-12-09T13:36:37.874Z" },
    { url = "https://files.pythonhosted.org/packages/b4/37/49067349fc78ff0efbf09fadefe80ddf41473ca8f8a25400e3770da38328/fonttools-4.60.2-cp312-cp312-manylinux2014_aarch64.manylinux_2_17_aarch64.manylinux_2_28_aarch64.whl", hash = "sha256:9d3ea26957dd07209f207b4fff64c702efe5496de153a54d3b91007ec28904dd", size = 4999907, upload-time = "2025-12-09T13:36:39.853Z" },
    { url = "https://files.pythonhosted.org/packages/16/31/d0f11c758bd0db36b664c92a0f9dfdcc2d7313749aa7d6629805c6946f21/fonttools-4.60.2-cp312-cp312-musllinux_1_2_aarch64.whl", hash = "sha256:1ee301273b0850f3a515299f212898f37421f42ff9adfc341702582ca5073c13", size = 4939717, upload-time = "2025-12-09T13:36:43.075Z" },
    { url = "https://files.pythonhosted.org/packages/d9/bc/1cff0d69522e561bf1b99bee7c3911c08c25e919584827c3454a64651ce9/fonttools-4.60.2-cp312-cp312-musllinux_1_2_x86_64.whl", hash = "sha256:c6eb4694cc3b9c03b7c01d65a9cf35b577f21aa6abdbeeb08d3114b842a58153", size = 5089205, upload-time = "2025-12-09T13:36:45.468Z" },
    { url = "https://files.pythonhosted.org/packages/05/e6/fb174f0069b7122e19828c551298bfd34fdf9480535d2a6ac2ed37afacd3/fonttools-4.60.2-cp312-cp312-win32.whl", hash = "sha256:57f07b616c69c244cc1a5a51072eeef07dddda5ebef9ca5c6e9cf6d59ae65b70", size = 2264674, upload-time = "2025-12-09T13:36:49.238Z" },
    { url = "https://files.pythonhosted.org/packages/75/57/6552ffd6b582d3e6a9f01780c5275e6dfff1e70ca146101733aa1c12a129/fonttools-4.60.2-cp312-cp312-win_amd64.whl", hash = "sha256:310035802392f1fe5a7cf43d76f6ff4a24c919e4c72c0352e7b8176e2584b8a0", size = 2314701, upload-time = "2025-12-09T13:36:51.09Z" },
    { url = "https://files.pythonhosted.org/packages/2e/e4/8381d0ca6b6c6c484660b03517ec5b5b81feeefca3808726dece36c652a9/fonttools-4.60.2-cp313-cp313-macosx_10_13_universal2.whl", hash = "sha256:2bb5fd231e56ccd7403212636dcccffc96c5ae0d6f9e4721fa0a32cb2e3ca432", size = 2842063, upload-time = "2025-12-09T13:36:53.468Z" },
    { url = "https://files.pythonhosted.org/packages/b4/2c/4367117ee8ff4f4374787a1222da0bd413d80cf3522111f727a7b8f80d1d/fonttools-4.60.2-cp313-cp313-macosx_10_13_x86_64.whl", hash = "sha256:536b5fab7b6fec78ccf59b5c59489189d9d0a8b0d3a77ed1858be59afb096696", size = 2393792, upload-time = "2025-12-09T13:36:55.742Z" },
    { url = "https://files.pythonhosted.org/packages/49/b7/a76b6dffa193869e54e32ca2f9abb0d0e66784bc8a24e6f86eb093015481/fonttools-4.60.2-cp313-cp313-manylinux1_x86_64.manylinux2014_x86_64.manylinux_2_17_x86_64.manylinux_2_5_x86_64.whl", hash = "sha256:6b9288fc38252ac86a9570f19313ecbc9ff678982e0f27c757a85f1f284d3400", size = 4924020, upload-time = "2025-12-09T13:36:58.229Z" },
    { url = "https://files.pythonhosted.org/packages/bd/4e/0078200e2259f0061c86a74075f507d64c43dd2ab38971956a5c0012d344/fonttools-4.60.2-cp313-cp313-manylinux2014_aarch64.manylinux_2_17_aarch64.manylinux_2_28_aarch64.whl", hash = "sha256:93fcb420791d839ef592eada2b69997c445d0ce9c969b5190f2e16828ec10607", size = 4980070, upload-time = "2025-12-09T13:37:00.311Z" },
    { url = "https://files.pythonhosted.org/packages/85/1f/d87c85a11cb84852c975251581862681e4a0c1c3bd456c648792203f311b/fonttools-4.60.2-cp313-cp313-musllinux_1_2_aarch64.whl", hash = "sha256:7916a381b094db4052ac284255186aebf74c5440248b78860cb41e300036f598", size = 4921411, upload-time = "2025-12-09T13:37:02.345Z" },
    { url = "https://files.pythonhosted.org/packages/75/c0/7efad650f5ed8e317c2633133ef3c64917e7adf2e4e2940c798f5d57ec6e/fonttools-4.60.2-cp313-cp313-musllinux_1_2_x86_64.whl", hash = "sha256:58c8c393d5e16b15662cfc2d988491940458aa87894c662154f50c7b49440bef", size = 5063465, upload-time = "2025-12-09T13:37:04.836Z" },
    { url = "https://files.pythonhosted.org/packages/18/a8/750518c4f8cdd79393b386bc81226047ade80239e58c6c9f5dbe1fdd8ea1/fonttools-4.60.2-cp313-cp313-win32.whl", hash = "sha256:19c6e0afd8b02008caa0aa08ab896dfce5d0bcb510c49b2c499541d5cb95a963", size = 2263443, upload-time = "2025-12-09T13:37:06.762Z" },
    { url = "https://files.pythonhosted.org/packages/b8/22/026c60376f165981f80a0e90bd98a79ae3334e9d89a3d046c4d2e265c724/fonttools-4.60.2-cp313-cp313-win_amd64.whl", hash = "sha256:6a500dc59e11b2338c2dba1f8cf11a4ae8be35ec24af8b2628b8759a61457b76", size = 2313800, upload-time = "2025-12-09T13:37:08.713Z" },
    { url = "https://files.pythonhosted.org/packages/7e/ab/7cf1f5204e1366ddf9dc5cdc2789b571feb9eebcee0e3463c3f457df5f52/fonttools-4.60.2-cp314-cp314-macosx_10_15_universal2.whl", hash = "sha256:9387c532acbe323bbf2a920f132bce3c408a609d5f9dcfc6532fbc7e37f8ccbb", size = 2841690, upload-time = "2025-12-09T13:37:10.696Z" },
    { url = "https://files.pythonhosted.org/packages/00/3c/0bf83c6f863cc8b934952567fa2bf737cfcec8fc4ffb59b3f93820095f89/fonttools-4.60.2-cp314-cp314-macosx_10_15_x86_64.whl", hash = "sha256:e6f1c824185b5b8fb681297f315f26ae55abb0d560c2579242feea8236b1cfef", size = 2392191, upload-time = "2025-12-09T13:37:12.954Z" },
    { url = "https://files.pythonhosted.org/packages/00/f0/40090d148b8907fbea12e9bdf1ff149f30cdf1769e3b2c3e0dbf5106b88d/fonttools-4.60.2-cp314-cp314-manylinux1_x86_64.manylinux2014_x86_64.manylinux_2_17_x86_64.manylinux_2_5_x86_64.whl", hash = "sha256:55a3129d1e4030b1a30260f1b32fe76781b585fb2111d04a988e141c09eb6403", size = 4873503, upload-time = "2025-12-09T13:37:15.142Z" },
    { url = "https://files.pythonhosted.org/packages/dc/e0/d8b13f99e58b8c293781288ba62fe634f1f0697c9c4c0ae104d3215f3a10/fonttools-4.60.2-cp314-cp314-manylinux2014_aarch64.manylinux_2_17_aarch64.manylinux_2_28_aarch64.whl", hash = "sha256:b196e63753abc33b3b97a6fd6de4b7c4fef5552c0a5ba5e562be214d1e9668e0", size = 4968493, upload-time = "2025-12-09T13:37:18.272Z" },
    { url = "https://files.pythonhosted.org/packages/46/c5/960764d12c92bc225f02401d3067048cb7b282293d9e48e39fe2b0ec38a9/fonttools-4.60.2-cp314-cp314-musllinux_1_2_aarch64.whl", hash = "sha256:de76c8d740fb55745f3b154f0470c56db92ae3be27af8ad6c2e88f1458260c9a", size = 4920015, upload-time = "2025-12-09T13:37:20.334Z" },
    { url = "https://files.pythonhosted.org/packages/4b/ab/839d8caf253d1eef3653ef4d34427d0326d17a53efaec9eb04056b670fff/fonttools-4.60.2-cp314-cp314-musllinux_1_2_x86_64.whl", hash = "sha256:6ba6303225c95998c9fda2d410aa792c3d2c1390a09df58d194b03e17583fa25", size = 5031165, upload-time = "2025-12-09T13:37:23.57Z" },
    { url = "https://files.pythonhosted.org/packages/de/bf/3bc862796a6841cbe0725bb5512d272239b809dba631a4b0301df885e62d/fonttools-4.60.2-cp314-cp314-win32.whl", hash = "sha256:0a89728ce10d7c816fedaa5380c06d2793e7a8a634d7ce16810e536c22047384", size = 2267526, upload-time = "2025-12-09T13:37:25.821Z" },
    { url = "https://files.pythonhosted.org/packages/fc/a1/c1909cacf00c76dc37b4743451561fbaaf7db4172c22a6d9394081d114c3/fonttools-4.60.2-cp314-cp314-win_amd64.whl", hash = "sha256:fa8446e6ab8bd778b82cb1077058a2addba86f30de27ab9cc18ed32b34bc8667", size = 2319096, upload-time = "2025-12-09T13:37:28.058Z" },
    { url = "https://files.pythonhosted.org/packages/29/b3/f66e71433f08e3a931b2b31a665aeed17fcc5e6911fc73529c70a232e421/fonttools-4.60.2-cp314-cp314t-macosx_10_15_universal2.whl", hash = "sha256:4063bc81ac5a4137642865cb63dd270e37b3cd1f55a07c0d6e41d072699ccca2", size = 2925167, upload-time = "2025-12-09T13:37:30.348Z" },
    { url = "https://files.pythonhosted.org/packages/2e/13/eeb491ff743594bbd0bee6e49422c03a59fe9c49002d3cc60eeb77414285/fonttools-4.60.2-cp314-cp314t-macosx_10_15_x86_64.whl", hash = "sha256:ebfdb66fa69732ed604ab8e2a0431e6deff35e933a11d73418cbc7823d03b8e1", size = 2430923, upload-time = "2025-12-09T13:37:32.817Z" },
    { url = "https://files.pythonhosted.org/packages/b2/e5/db609f785e460796e53c4dbc3874a5f4948477f27beceb5e2d24b2537666/fonttools-4.60.2-cp314-cp314t-manylinux1_x86_64.manylinux2014_x86_64.manylinux_2_17_x86_64.manylinux_2_5_x86_64.whl", hash = "sha256:50b10b3b1a72d1d54c61b0e59239e1a94c0958f4a06a1febf97ce75388dd91a4", size = 4877729, upload-time = "2025-12-09T13:37:35.858Z" },
    { url = "https://files.pythonhosted.org/packages/5f/d6/85e4484dd4bfb03fee7bd370d65888cccbd3dee2681ee48c869dd5ccb23f/fonttools-4.60.2-cp314-cp314t-manylinux2014_aarch64.manylinux_2_17_aarch64.manylinux_2_28_aarch64.whl", hash = "sha256:beae16891a13b4a2ddec9b39b4de76092a3025e4d1c82362e3042b62295d5e4d", size = 5096003, upload-time = "2025-12-09T13:37:37.862Z" },
    { url = "https://files.pythonhosted.org/packages/30/49/1a98e44b71030b83d2046f981373b80571868259d98e6dae7bc20099dac6/fonttools-4.60.2-cp314-cp314t-musllinux_1_2_aarch64.whl", hash = "sha256:522f017fdb3766fd5d2d321774ef351cc6ce88ad4e6ac9efe643e4a2b9d528db", size = 4974410, upload-time = "2025-12-09T13:37:40.166Z" },
    { url = "https://files.pythonhosted.org/packages/42/07/d6f775d950ee8a841012472c7303f8819423d8cc3b4530915de7265ebfa2/fonttools-4.60.2-cp314-cp314t-musllinux_1_2_x86_64.whl", hash = "sha256:82cceceaf9c09a965a75b84a4b240dd3768e596ffb65ef53852681606fe7c9ba", size = 5002036, upload-time = "2025-12-09T13:37:42.639Z" },
    { url = "https://files.pythonhosted.org/packages/73/f6/ba6458f83ce1a9f8c3b17bd8f7b8a2205a126aac1055796b7e7cfebbd38f/fonttools-4.60.2-cp314-cp314t-win32.whl", hash = "sha256:bbfbc918a75437fe7e6d64d1b1e1f713237df1cf00f3a36dedae910b2ba01cee", size = 2330985, upload-time = "2025-12-09T13:37:45.157Z" },
    { url = "https://files.pythonhosted.org/packages/91/24/fea0ba4d3a32d4ed1103a1098bfd99dc78b5fe3bb97202920744a37b73dc/fonttools-4.60.2-cp314-cp314t-win_amd64.whl", hash = "sha256:0e5cd9b0830f6550d58c84f3ab151a9892b50c4f9d538c5603c0ce6fff2eb3f1", size = 2396226, upload-time = "2025-12-09T13:37:47.355Z" },
    { url = "https://files.pythonhosted.org/packages/55/ae/a6d9446cb258d3fe87e311c2d7bacf8e8da3e5809fbdc3a8306db4f6b14e/fonttools-4.60.2-cp39-cp39-macosx_10_9_universal2.whl", hash = "sha256:a3c75b8b42f7f93906bdba9eb1197bb76aecbe9a0a7cf6feec75f7605b5e8008", size = 2857184, upload-time = "2025-12-09T13:37:49.96Z" },
    { url = "https://files.pythonhosted.org/packages/3a/f3/1b41d0b6a8b908aa07f652111155dd653ebbf0b3385e66562556c5206685/fonttools-4.60.2-cp39-cp39-macosx_10_9_x86_64.whl", hash = "sha256:0f86c8c37bc0ec0b9c141d5e90c717ff614e93c187f06d80f18c7057097f71bc", size = 2401877, upload-time = "2025-12-09T13:37:52.307Z" },
    { url = "https://files.pythonhosted.org/packages/71/57/048fd781680c38b05c5463657d0d95d5f2391a51972176e175c01de29d42/fonttools-4.60.2-cp39-cp39-manylinux2014_aarch64.manylinux_2_17_aarch64.manylinux_2_28_aarch64.whl", hash = "sha256:fe905403fe59683b0e9a45f234af2866834376b8821f34633b1c76fb731b6311", size = 4878073, upload-time = "2025-12-09T13:37:56.477Z" },
    { url = "https://files.pythonhosted.org/packages/45/bb/363364f052a893cebd3d449588b21244a9d873620fda03ad92702d2e1bc7/fonttools-4.60.2-cp39-cp39-manylinux2014_x86_64.manylinux_2_17_x86_64.whl", hash = "sha256:38ce703b60a906e421e12d9e3a7f064883f5e61bb23e8961f4be33cfe578500b", size = 4835385, upload-time = "2025-12-09T13:37:58.882Z" },
    { url = "https://files.pythonhosted.org/packages/1c/38/e392bb930b2436287e6021672345db26441bf1f85f1e98f8b9784334e41d/fonttools-4.60.2-cp39-cp39-musllinux_1_2_aarch64.whl", hash = "sha256:9e810c06f3e79185cecf120e58b343ea5a89b54dd695fd644446bcf8c026da5e", size = 4853084, upload-time = "2025-12-09T13:38:01.578Z" },
    { url = "https://files.pythonhosted.org/packages/65/60/0d77faeaecf7a3276a8a6dc49e2274357e6b3ed6a1774e2fdb2a7f142db0/fonttools-4.60.2-cp39-cp39-musllinux_1_2_x86_64.whl", hash = "sha256:38faec8cc1d12122599814d15a402183f5123fb7608dac956121e7c6742aebc5", size = 4971144, upload-time = "2025-12-09T13:38:03.748Z" },
    { url = "https://files.pythonhosted.org/packages/ba/c7/6d3ac3afbcd598631bce24c3ecb919e7d0644a82fea8ddc4454312fc0be6/fonttools-4.60.2-cp39-cp39-win32.whl", hash = "sha256:80a45cf7bf659acb7b36578f300231873daba67bd3ca8cce181c73f861f14a37", size = 1499411, upload-time = "2025-12-09T13:38:05.586Z" },
    { url = "https://files.pythonhosted.org/packages/5a/1c/9dedf6420e23f9fa630bb97941839dddd2e1e57d1b2b85a902378dbe0bd2/fonttools-4.60.2-cp39-cp39-win_amd64.whl", hash = "sha256:c355d5972071938e1b1e0f5a1df001f68ecf1a62f34a3407dc8e0beccf052501", size = 1547943, upload-time = "2025-12-09T13:38:07.604Z" },
    { url = "https://files.pythonhosted.org/packages/79/6c/10280af05b44fafd1dff69422805061fa1af29270bc52dce031ac69540bf/fonttools-4.60.2-py3-none-any.whl", hash = "sha256:73cf92eeda67cf6ff10c8af56fc8f4f07c1647d989a979be9e388a49be26552a", size = 1144610, upload-time = "2025-12-09T13:38:09.5Z" },
]

[[package]]
name = "fonttools"
version = "4.62.1"
source = { registry = "https://pypi.org/simple" }
resolution-markers = [
    "python_full_version >= '3.10'",
]
sdist = { url = "https://files.pythonhosted.org/packages/9a/08/7012b00a9a5874311b639c3920270c36ee0c445b69d9989a85e5c92ebcb0/fonttools-4.62.1.tar.gz", hash = "sha256:e54c75fd6041f1122476776880f7c3c3295ffa31962dc6ebe2543c00dca58b5d", size = 3580737, upload-time = "2026-03-13T13:54:25.52Z" }
wheels = [
    { url = "https://files.pythonhosted.org/packages/5a/ff/532ed43808b469c807e8cb6b21358da3fe6fd51486b3a8c93db0bb5d957f/fonttools-4.62.1-cp310-cp310-macosx_10_9_universal2.whl", hash = "sha256:ad5cca75776cd453b1b035b530e943334957ae152a36a88a320e779d61fc980c", size = 2873740, upload-time = "2026-03-13T13:52:11.822Z" },
    { url = "https://files.pythonhosted.org/packages/85/e4/2318d2b430562da7227010fb2bb029d2fa54d7b46443ae8942bab224e2a0/fonttools-4.62.1-cp310-cp310-macosx_10_9_x86_64.whl", hash = "sha256:0b3ae47e8636156a9accff64c02c0924cbebad62854c4a6dbdc110cd5b4b341a", size = 2417649, upload-time = "2026-03-13T13:52:14.605Z" },
    { url = "https://files.pythonhosted.org/packages/4c/28/40f15523b5188598018e7956899fed94eb7debec89e2dd70cb4a8df90492/fonttools-4.62.1-cp310-cp310-manylinux2014_aarch64.manylinux_2_17_aarch64.manylinux_2_28_aarch64.whl", hash = "sha256:c9b9e288b4da2f64fd6180644221749de651703e8d0c16bd4b719533a3a7d6e3", size = 4935213, upload-time = "2026-03-13T13:52:17.399Z" },
    { url = "https://files.pythonhosted.org/packages/42/09/7dbe3d7023f57d9b580cfa832109d521988112fd59dddfda3fddda8218f9/fonttools-4.62.1-cp310-cp310-manylinux2014_x86_64.manylinux_2_17_x86_64.whl", hash = "sha256:7bca7a1c1faf235ffe25d4f2e555246b4750220b38de8261d94ebc5ce8a23c23", size = 4892374, upload-time = "2026-03-13T13:52:20.175Z" },
    { url = "https://files.pythonhosted.org/packages/d1/2d/84509a2e32cb925371560ef5431365d8da2183c11d98e5b4b8b4e42426a5/fonttools-4.62.1-cp310-cp310-musllinux_1_2_aarch64.whl", hash = "sha256:b4e0fcf265ad26e487c56cb12a42dffe7162de708762db951e1b3f755319507d", size = 4911856, upload-time = "2026-03-13T13:52:22.777Z" },
    { url = "https://files.pythonhosted.org/packages/a5/80/df28131379eed93d9e6e6fccd3bf6e3d077bebbfe98cc83f21bbcd83ed02/fonttools-4.62.1-cp310-cp310-musllinux_1_2_x86_64.whl", hash = "sha256:2d850f66830a27b0d498ee05adb13a3781637b1826982cd7e2b3789ef0cc71ae", size = 5031712, upload-time = "2026-03-13T13:52:25.14Z" },
    { url = "https://files.pythonhosted.org/packages/3d/03/3c8f09aad64230cd6d921ae7a19f9603c36f70930b00459f112706f6769a/fonttools-4.62.1-cp310-cp310-win32.whl", hash = "sha256:486f32c8047ccd05652aba17e4a8819a3a9d78570eb8a0e3b4503142947880ed", size = 1507878, upload-time = "2026-03-13T13:52:28.149Z" },
    { url = "https://files.pythonhosted.org/packages/dd/ec/f53f626f8f3e89f4cadd8fc08f3452c8fd182c951ad5caa35efac22b29ab/fonttools-4.62.1-cp310-cp310-win_amd64.whl", hash = "sha256:5a648bde915fba9da05ae98856987ca91ba832949a9e2888b48c47ef8b96c5a9", size = 1556766, upload-time = "2026-03-13T13:52:30.814Z" },
    { url = "https://files.pythonhosted.org/packages/88/39/23ff32561ec8d45a4d48578b4d241369d9270dc50926c017570e60893701/fonttools-4.62.1-cp311-cp311-macosx_10_9_universal2.whl", hash = "sha256:40975849bac44fb0b9253d77420c6d8b523ac4dcdcefeff6e4d706838a5b80f7", size = 2871039, upload-time = "2026-03-13T13:52:33.127Z" },
    { url = "https://files.pythonhosted.org/packages/24/7f/66d3f8a9338a9b67fe6e1739f47e1cd5cee78bd3bc1206ef9b0b982289a5/fonttools-4.62.1-cp311-cp311-macosx_10_9_x86_64.whl", hash = "sha256:9dde91633f77fa576879a0c76b1d89de373cae751a98ddf0109d54e173b40f14", size = 2416346, upload-time = "2026-03-13T13:52:35.676Z" },
    { url = "https://files.pythonhosted.org/packages/aa/53/5276ceba7bff95da7793a07c5284e1da901cf00341ce5e2f3273056c0cca/fonttools-4.62.1-cp311-cp311-manylinux2014_aarch64.manylinux_2_17_aarch64.manylinux_2_28_aarch64.whl", hash = "sha256:6acb4109f8bee00fec985c8c7afb02299e35e9c94b57287f3ea542f28bd0b0a7", size = 5100897, upload-time = "2026-03-13T13:52:38.102Z" },
    { url = "https://files.pythonhosted.org/packages/cc/a1/40a5c4d8e28b0851d53a8eeeb46fbd73c325a2a9a165f290a5ed90e6c597/fonttools-4.62.1-cp311-cp311-manylinux2014_x86_64.manylinux_2_17_x86_64.whl", hash = "sha256:1c5c25671ce8805e0d080e2ffdeca7f1e86778c5cbfbeae86d7f866d8830517b", size = 5071078, upload-time = "2026-03-13T13:52:41.305Z" },
    { url = "https://files.pythonhosted.org/packages/e3/be/d378fca4c65ea1956fee6d90ace6e861776809cbbc5af22388a090c3c092/fonttools-4.62.1-cp311-cp311-musllinux_1_2_aarch64.whl", hash = "sha256:a5d8825e1140f04e6c99bb7d37a9e31c172f3bc208afbe02175339e699c710e1", size = 5076908, upload-time = "2026-03-13T13:52:44.122Z" },
    { url = "https://files.pythonhosted.org/packages/f8/d9/ae6a1d0693a4185a84605679c8a1f719a55df87b9c6e8e817bfdd9ef5936/fonttools-4.62.1-cp311-cp311-musllinux_1_2_x86_64.whl", hash = "sha256:268abb1cb221e66c014acc234e872b7870d8b5d4657a83a8f4205094c32d2416", size = 5202275, upload-time = "2026-03-13T13:52:46.591Z" },
    { url = "https://files.pythonhosted.org/packages/54/6c/af95d9c4efb15cabff22642b608342f2bd67137eea6107202d91b5b03184/fonttools-4.62.1-cp311-cp311-win32.whl", hash = "sha256:942b03094d7edbb99bdf1ae7e9090898cad7bf9030b3d21f33d7072dbcb51a53", size = 2293075, upload-time = "2026-03-13T13:52:48.711Z" },
    { url = "https://files.pythonhosted.org/packages/d3/97/bf54c5b3f2be34e1f143e6db838dfdc54f2ffa3e68c738934c82f3b2a08d/fonttools-4.62.1-cp311-cp311-win_amd64.whl", hash = "sha256:e8514f4924375f77084e81467e63238b095abda5107620f49421c368a6017ed2", size = 2344593, upload-time = "2026-03-13T13:52:50.725Z" },
    { url = "https://files.pythonhosted.org/packages/47/d4/dbacced3953544b9a93088cc10ef2b596d348c983d5c67a404fa41ec51ba/fonttools-4.62.1-cp312-cp312-macosx_10_13_universal2.whl", hash = "sha256:90365821debbd7db678809c7491ca4acd1e0779b9624cdc6ddaf1f31992bf974", size = 2870219, upload-time = "2026-03-13T13:52:53.664Z" },
    { url = "https://files.pythonhosted.org/packages/66/9e/a769c8e99b81e5a87ab7e5e7236684de4e96246aae17274e5347d11ebd78/fonttools-4.62.1-cp312-cp312-macosx_10_13_x86_64.whl", hash = "sha256:12859ff0b47dd20f110804c3e0d0970f7b832f561630cd879969011541a464a9", size = 2414891, upload-time = "2026-03-13T13:52:56.493Z" },
    { url = "https://files.pythonhosted.org/packages/69/64/f19a9e3911968c37e1e620e14dfc5778299e1474f72f4e57c5ec771d9489/fonttools-4.62.1-cp312-cp312-manylinux2014_aarch64.manylinux_2_17_aarch64.manylinux_2_28_aarch64.whl", hash = "sha256:9c125ffa00c3d9003cdaaf7f2c79e6e535628093e14b5de1dccb08859b680936", size = 5033197, upload-time = "2026-03-13T13:52:59.179Z" },
    { url = "https://files.pythonhosted.org/packages/9b/8a/99c8b3c3888c5c474c08dbfd7c8899786de9604b727fcefb055b42c84bba/fonttools-4.62.1-cp312-cp312-manylinux2014_x86_64.manylinux_2_17_x86_64.whl", hash = "sha256:149f7d84afca659d1a97e39a4778794a2f83bf344c5ee5134e09995086cc2392", size = 4988768, upload-time = "2026-03-13T13:53:02.761Z" },
    { url = "https://files.pythonhosted.org/packages/d1/c6/0f904540d3e6ab463c1243a0d803504826a11604c72dd58c2949796a1762/fonttools-4.62.1-cp312-cp312-musllinux_1_2_aarch64.whl", hash = "sha256:0aa72c43a601cfa9273bb1ae0518f1acadc01ee181a6fc60cd758d7fdadffc04", size = 4971512, upload-time = "2026-03-13T13:53:05.678Z" },
    { url = "https://files.pythonhosted.org/packages/29/0b/5cbef6588dc9bd6b5c9ad6a4d5a8ca384d0cea089da31711bbeb4f9654a6/fonttools-4.62.1-cp312-cp312-musllinux_1_2_x86_64.whl", hash = "sha256:19177c8d96c7c36359266e571c5173bcee9157b59cfc8cb0153c5673dc5a3a7d", size = 5122723, upload-time = "2026-03-13T13:53:08.662Z" },
    { url = "https://files.pythonhosted.org/packages/4a/47/b3a5342d381595ef439adec67848bed561ab7fdb1019fa522e82101b7d9c/fonttools-4.62.1-cp312-cp312-win32.whl", hash = "sha256:a24decd24d60744ee8b4679d38e88b8303d86772053afc29b19d23bb8207803c", size = 2281278, upload-time = "2026-03-13T13:53:10.998Z" },
    { url = "https://files.pythonhosted.org/packages/28/b1/0c2ab56a16f409c6c8a68816e6af707827ad5d629634691ff60a52879792/fonttools-4.62.1-cp312-cp312-win_amd64.whl", hash = "sha256:9e7863e10b3de72376280b515d35b14f5eeed639d1aa7824f4cf06779ec65e42", size = 2331414, upload-time = "2026-03-13T13:53:13.992Z" },
    { url = "https://files.pythonhosted.org/packages/3b/56/6f389de21c49555553d6a5aeed5ac9767631497ac836c4f076273d15bd72/fonttools-4.62.1-cp313-cp313-macosx_10_13_universal2.whl", hash = "sha256:c22b1014017111c401469e3acc5433e6acf6ebcc6aa9efb538a533c800971c79", size = 2865155, upload-time = "2026-03-13T13:53:16.132Z" },
    { url = "https://files.pythonhosted.org/packages/03/c5/0e3966edd5ec668d41dfe418787726752bc07e2f5fd8c8f208615e61fa89/fonttools-4.62.1-cp313-cp313-macosx_10_13_x86_64.whl", hash = "sha256:68959f5fc58ed4599b44aad161c2837477d7f35f5f79402d97439974faebfebe", size = 2412802, upload-time = "2026-03-13T13:53:18.878Z" },
    { url = "https://files.pythonhosted.org/packages/52/94/e6ac4b44026de7786fe46e3bfa0c87e51d5d70a841054065d49cd62bb909/fonttools-4.62.1-cp313-cp313-manylinux2014_aarch64.manylinux_2_17_aarch64.manylinux_2_28_aarch64.whl", hash = "sha256:ef46db46c9447103b8f3ff91e8ba009d5fe181b1920a83757a5762551e32bb68", size = 5013926, upload-time = "2026-03-13T13:53:21.379Z" },
    { url = "https://files.pythonhosted.org/packages/e2/98/8b1e801939839d405f1f122e7d175cebe9aeb4e114f95bfc45e3152af9a7/fonttools-4.62.1-cp313-cp313-manylinux2014_x86_64.manylinux_2_17_x86_64.whl", hash = "sha256:6706d1cb1d5e6251a97ad3c1b9347505c5615c112e66047abbef0f8545fa30d1", size = 4964575, upload-time = "2026-03-13T13:53:23.857Z" },
    { url = "https://files.pythonhosted.org/packages/46/76/7d051671e938b1881670528fec69cc4044315edd71a229c7fd712eaa5119/fonttools-4.62.1-cp313-cp313-musllinux_1_2_aarch64.whl", hash = "sha256:2e7abd2b1e11736f58c1de27819e1955a53267c21732e78243fa2fa2e5c1e069", size = 4953693, upload-time = "2026-03-13T13:53:26.569Z" },
    { url = "https://files.pythonhosted.org/packages/1f/ae/b41f8628ec0be3c1b934fc12b84f4576a5c646119db4d3bdd76a217c90b5/fonttools-4.62.1-cp313-cp313-musllinux_1_2_x86_64.whl", hash = "sha256:403d28ce06ebfc547fbcb0cb8b7f7cc2f7a2d3e1a67ba9a34b14632df9e080f9", size = 5094920, upload-time = "2026-03-13T13:53:29.329Z" },
    { url = "https://files.pythonhosted.org/packages/f2/f6/53a1e9469331a23dcc400970a27a4caa3d9f6edbf5baab0260285238b884/fonttools-4.62.1-cp313-cp313-win32.whl", hash = "sha256:93c316e0f5301b2adbe6a5f658634307c096fd5aae60a5b3412e4f3e1728ab24", size = 2279928, upload-time = "2026-03-13T13:53:32.352Z" },
    { url = "https://files.pythonhosted.org/packages/38/60/35186529de1db3c01f5ad625bde07c1f576305eab6d86bbda4c58445f721/fonttools-4.62.1-cp313-cp313-win_amd64.whl", hash = "sha256:7aa21ff53e28a9c2157acbc44e5b401149d3c9178107130e82d74ceb500e5056", size = 2330514, upload-time = "2026-03-13T13:53:34.991Z" },
    { url = "https://files.pythonhosted.org/packages/36/f0/2888cdac391807d68d90dcb16ef858ddc1b5309bfc6966195a459dd326e2/fonttools-4.62.1-cp314-cp314-macosx_10_15_universal2.whl", hash = "sha256:fa1d16210b6b10a826d71bed68dd9ec24a9e218d5a5e2797f37c573e7ec215ca", size = 2864442, upload-time = "2026-03-13T13:53:37.509Z" },
    { url = "https://files.pythonhosted.org/packages/4b/b2/e521803081f8dc35990816b82da6360fa668a21b44da4b53fc9e77efcd62/fonttools-4.62.1-cp314-cp314-macosx_10_15_x86_64.whl", hash = "sha256:aa69d10ed420d8121118e628ad47d86e4caa79ba37f968597b958f6cceab7eca", size = 2410901, upload-time = "2026-03-13T13:53:40.55Z" },
    { url = "https://files.pythonhosted.org/packages/00/a4/8c3511ff06e53110039358dbbdc1a65d72157a054638387aa2ada300a8b8/fonttools-4.62.1-cp314-cp314-manylinux2014_aarch64.manylinux_2_17_aarch64.manylinux_2_28_aarch64.whl", hash = "sha256:bd13b7999d59c5eb1c2b442eb2d0c427cb517a0b7a1f5798fc5c9e003f5ff782", size = 4999608, upload-time = "2026-03-13T13:53:42.798Z" },
    { url = "https://files.pythonhosted.org/packages/28/63/cd0c3b26afe60995a5295f37c246a93d454023726c3261cfbb3559969bb9/fonttools-4.62.1-cp314-cp314-manylinux2014_x86_64.manylinux_2_17_x86_64.whl", hash = "sha256:8d337fdd49a79b0d51c4da87bc38169d21c3abbf0c1aa9367eff5c6656fb6dae", size = 4912726, upload-time = "2026-03-13T13:53:45.405Z" },
    { url = "https://files.pythonhosted.org/packages/70/b9/ac677cb07c24c685cf34f64e140617d58789d67a3dd524164b63648c6114/fonttools-4.62.1-cp314-cp314-musllinux_1_2_aarch64.whl", hash = "sha256:d241cdc4a67b5431c6d7f115fdf63335222414995e3a1df1a41e1182acd4bcc7", size = 4951422, upload-time = "2026-03-13T13:53:48.326Z" },
    { url = "https://files.pythonhosted.org/packages/e6/10/11c08419a14b85b7ca9a9faca321accccc8842dd9e0b1c8a72908de05945/fonttools-4.62.1-cp314-cp314-musllinux_1_2_x86_64.whl", hash = "sha256:c05557a78f8fa514da0f869556eeda40887a8abc77c76ee3f74cf241778afd5a", size = 5060979, upload-time = "2026-03-13T13:53:51.366Z" },
    { url = "https://files.pythonhosted.org/packages/4e/3c/12eea4a4cf054e7ab058ed5ceada43b46809fce2bf319017c4d63ae55bb4/fonttools-4.62.1-cp314-cp314-win32.whl", hash = "sha256:49a445d2f544ce4a69338694cad575ba97b9a75fff02720da0882d1a73f12800", size = 2283733, upload-time = "2026-03-13T13:53:53.606Z" },
    { url = "https://files.pythonhosted.org/packages/6b/67/74b070029043186b5dd13462c958cb7c7f811be0d2e634309d9a1ffb1505/fonttools-4.62.1-cp314-cp314-win_amd64.whl", hash = "sha256:1eecc128c86c552fb963fe846ca4e011b1be053728f798185a1687502f6d398e", size = 2335663, upload-time = "2026-03-13T13:53:56.23Z" },
    { url = "https://files.pythonhosted.org/packages/42/c5/4d2ed3ca6e33617fc5624467da353337f06e7f637707478903c785bd8e20/fonttools-4.62.1-cp314-cp314t-macosx_10_15_universal2.whl", hash = "sha256:1596aeaddf7f78e21e68293c011316a25267b3effdaccaf4d59bc9159d681b82", size = 2947288, upload-time = "2026-03-13T13:53:59.397Z" },
    { url = "https://files.pythonhosted.org/packages/1f/e9/7ab11ddfda48ed0f89b13380e5595ba572619c27077be0b2c447a63ff351/fonttools-4.62.1-cp314-cp314t-macosx_10_15_x86_64.whl", hash = "sha256:8f8fca95d3bb3208f59626a4b0ea6e526ee51f5a8ad5d91821c165903e8d9260", size = 2449023, upload-time = "2026-03-13T13:54:01.642Z" },
    { url = "https://files.pythonhosted.org/packages/b2/10/a800fa090b5e8819942e54e19b55fc7c21fe14a08757c3aa3ca8db358939/fonttools-4.62.1-cp314-cp314t-manylinux2014_aarch64.manylinux_2_17_aarch64.manylinux_2_28_aarch64.whl", hash = "sha256:ee91628c08e76f77b533d65feb3fbe6d9dad699f95be51cf0d022db94089cdc4", size = 5137599, upload-time = "2026-03-13T13:54:04.495Z" },
    { url = "https://files.pythonhosted.org/packages/37/dc/8ccd45033fffd74deb6912fa1ca524643f584b94c87a16036855b498a1ed/fonttools-4.62.1-cp314-cp314t-manylinux2014_x86_64.manylinux_2_17_x86_64.whl", hash = "sha256:5f37df1cac61d906e7b836abe356bc2f34c99d4477467755c216b72aa3dc748b", size = 4920933, upload-time = "2026-03-13T13:54:07.557Z" },
    { url = "https://files.pythonhosted.org/packages/99/eb/e618adefb839598d25ac8136cd577925d6c513dc0d931d93b8af956210f0/fonttools-4.62.1-cp314-cp314t-musllinux_1_2_aarch64.whl", hash = "sha256:92bb00a947e666169c99b43753c4305fc95a890a60ef3aeb2a6963e07902cc87", size = 5016232, upload-time = "2026-03-13T13:54:10.611Z" },
    { url = "https://files.pythonhosted.org/packages/d9/5f/9b5c9bfaa8ec82def8d8168c4f13615990d6ce5996fe52bd49bfb5e05134/fonttools-4.62.1-cp314-cp314t-musllinux_1_2_x86_64.whl", hash = "sha256:bdfe592802ef939a0e33106ea4a318eeb17822c7ee168c290273cbd5fabd746c", size = 5042987, upload-time = "2026-03-13T13:54:13.569Z" },
    { url = "https://files.pythonhosted.org/packages/90/aa/dfbbe24c6a6afc5c203d90cc0343e24bcbb09e76d67c4d6eef8c2558d7ba/fonttools-4.62.1-cp314-cp314t-win32.whl", hash = "sha256:b820fcb92d4655513d8402d5b219f94481c4443d825b4372c75a2072aa4b357a", size = 2348021, upload-time = "2026-03-13T13:54:16.98Z" },
    { url = "https://files.pythonhosted.org/packages/13/6f/ae9c4e4dd417948407b680855c2c7790efb52add6009aaecff1e3bc50e8e/fonttools-4.62.1-cp314-cp314t-win_amd64.whl", hash = "sha256:59b372b4f0e113d3746b88985f1c796e7bf830dd54b28374cd85c2b8acd7583e", size = 2414147, upload-time = "2026-03-13T13:54:19.416Z" },
    { url = "https://files.pythonhosted.org/packages/fd/ba/56147c165442cc5ba7e82ecf301c9a68353cede498185869e6e02b4c264f/fonttools-4.62.1-py3-none-any.whl", hash = "sha256:7487782e2113861f4ddcc07c3436450659e3caa5e470b27dc2177cade2d8e7fd", size = 1152647, upload-time = "2026-03-13T13:54:22.735Z" },
]

[[package]]
name = "silencer-extract-font"
version = "0.1.0"
source = { virtual = "." }
dependencies = [
    { name = "fonttools", version = "4.60.2", source = { registry = "https://pypi.org/simple" }, marker = "python_full_version < '3.10'" },
    { name = "fonttools", version = "4.62.1", source = { registry = "https://pypi.org/simple" }, marker = "python_full_version >= '3.10'" },
]

[package.metadata]
requires-dist = [{ name = "fonttools", specifier = ">=4.50" }]
